PODS:
  - SwiftPrelude (0.2.5)
  - SwiftPreludeCocoa (0.1.8):
    - SwiftPrelude (~> 0.2.5)

DEPENDENCIES:
  - SwiftPreludeCocoa (from `../`)

SPEC REPOS:
  https://github.com/cocoapods/specs.git:
    - SwiftPrelude

EXTERNAL SOURCES:
  SwiftPreludeCocoa:
    :path: "../"

SPEC CHECKSUMS:
  SwiftPrelude: a5a970f2ab03b46d89d68f1f1b1763b5dec92646
  SwiftPreludeCocoa: adfc812c8c9a15437dca346a2d8ad1c2cb23e47e

PODFILE CHECKSUM: 153e1fba810a16bb7a1232e9738e1490d6334b7e

COCOAPODS: 1.6.0.beta.2
